PODS:
  - Alamofire (5.1.0)
  - AlamofireImage (4.1.0):
    - Alamofire (~> 5.1)
  - SnapKit (5.0.1)

DEPENDENCIES:
  - Alamofire
  - AlamofireImage
  - SnapKit

SPEC REPOS:
  trunk:
    - Alamofire
    - AlamofireImage
    - SnapKit

SPEC CHECKSUMS:
  Alamofire: 9d5c5f602928e512395b30950c5984eca840093c
  AlamofireImage: c4a2ba349885fb3064feb74d2e547bd42ce9be10
  SnapKit: 97b92857e3df3a0c71833cce143274bf6ef8e5eb

PODFILE CHECKSUM: 9e90db349609673e570df6826fab62c236956865

COCOAPODS: 1.9.3
